# This file is automatically @generated by Cargo.
# It is not intended for manual editing.
version = 3

[[package]]
name = "anyhow"
version = "1.0.56"
source = "registry+https://github.com/rust-lang/crates.io-index"
checksum = "4361135be9122e0870de935d7c439aef945b9f9ddd4199a553b5270b49c82a27"

[[package]]
name = "autocfg"
version = "1.1.0"
source = "registry+https://github.com/rust-lang/crates.io-index"
checksum = "d468802bab17cbc0cc575e9b053f41e72aa36bfa6b7f55e3529ffa43161b97fa"

[[package]]
name = "catalyst"
version = "0.1.0"
dependencies = [
 "cli",
 "cranelift-codegen",
 "cranelift-entity",
 "cranelift-frontend",
 "cranelift-module",
 "cranelift-native",
 "cranelift-object",
 "gen",
 "instance",
 "lexer",
 "modules",
 "parser",
 "target-lexicon",
 "typec",
]

[[package]]
name = "cfg-if"
version = "1.0.0"
source = "registry+https://github.com/rust-lang/crates.io-index"
checksum = "baf1de4339761588bc0619e3cbc0120ee582ebb74b53b4efbf79117bd2da40fd"

[[package]]
name = "cli"
version = "0.1.0"

[[package]]
name = "cranelift-bforest"
version = "0.82.1"
source = "registry+https://github.com/rust-lang/crates.io-index"
checksum = "d16922317bd7dd104d509a373887822caa0242fc1def00de66abb538db221db4"
dependencies = [
 "cranelift-entity",
]

[[package]]
name = "cranelift-codegen"
version = "0.82.1"
source = "registry+https://github.com/rust-lang/crates.io-index"
checksum = "8b80bf40380256307b68a3dcbe1b91cac92a533e212b5b635abc3e4525781a0a"
dependencies = [
 "cranelift-bforest",
 "cranelift-codegen-meta",
 "cranelift-codegen-shared",
 "cranelift-entity",
 "gimli",
 "log",
 "regalloc",
 "smallvec",
 "target-lexicon",
]

[[package]]
name = "cranelift-codegen-meta"
version = "0.82.2"
source = "registry+https://github.com/rust-lang/crates.io-index"
checksum = "b0f0172d25539fcc64f581d3dce0df00e2065b00e1c750e18832d2cf1e0d27e0"
dependencies = [
 "cranelift-codegen-shared",
]

[[package]]
name = "cranelift-codegen-shared"
version = "0.82.2"
source = "registry+https://github.com/rust-lang/crates.io-index"
checksum = "8f6cc5717ae2ea849e5c819eb70c95792c2843294d9503700ac55d8d159e2160"

[[package]]
name = "cranelift-entity"
version = "0.82.1"
source = "registry+https://github.com/rust-lang/crates.io-index"
checksum = "66bc82ef522c1f643baf7d4d40b7c52643ee4549d8960b0e6a047daacb83f897"

[[package]]
name = "cranelift-frontend"
version = "0.82.1"
source = "registry+https://github.com/rust-lang/crates.io-index"
checksum = "3cc35e4251864b17515845ba47447bca88fec9ca1a4186b19fe42526e36140e8"
dependencies = [
 "cranelift-codegen",
 "log",
 "smallvec",
 "target-lexicon",
]

[[package]]
name = "cranelift-module"
version = "0.82.1"
source = "registry+https://github.com/rust-lang/crates.io-index"
checksum = "bf356697c40232aa09e1e3fb8a350ee894e849ccecc4eac56ff0570a4575c325"
dependencies = [
 "anyhow",
 "cranelift-codegen",
]

[[package]]
name = "cranelift-native"
version = "0.82.1"
source = "registry+https://github.com/rust-lang/crates.io-index"
checksum = "b882b2251c9845d509d92aebfdb6c8bb3b3b48e207ac951f21fbd20cfe7f90b3"
dependencies = [
 "cranelift-codegen",
 "libc",
 "target-lexicon",
]

[[package]]
name = "cranelift-object"
version = "0.82.1"
source = "registry+https://github.com/rust-lang/crates.io-index"
checksum = "2d3f1a88e654e567d2591169239ed157ab290811a729a6468f53999c01001263"
dependencies = [
 "anyhow",
 "cranelift-codegen",
 "cranelift-module",
 "log",
 "object",
 "target-lexicon",
]

[[package]]
name = "crc32fast"
version = "1.3.2"
source = "registry+https://github.com/rust-lang/crates.io-index"
checksum = "b540bd8bc810d3885c6ea91e2018302f68baba2129ab3e88f32389ee9370880d"
dependencies = [
 "cfg-if",
]

[[package]]
name = "gen"
version = "0.1.0"
dependencies = [
 "cranelift-codegen",
 "cranelift-entity",
 "cranelift-frontend",
 "cranelift-module",
 "instance",
 "lexer",
 "modules",
 "parser",
 "typec",
]

[[package]]
name = "gimli"
version = "0.26.1"
source = "registry+https://github.com/rust-lang/crates.io-index"
checksum = "78cc372d058dcf6d5ecd98510e7fbc9e5aec4d21de70f65fea8fecebcd881bd4"
dependencies = [
 "indexmap",
]

[[package]]
name = "hashbrown"
version = "0.11.2"
source = "registry+https://github.com/rust-lang/crates.io-index"
checksum = "ab5ef0d4909ef3724cc8cce6ccc8572c5c817592e9285f5464f8e86f8bd3726e"

[[package]]
name = "indexmap"
version = "1.8.1"
source = "registry+https://github.com/rust-lang/crates.io-index"
checksum = "0f647032dfaa1f8b6dc29bd3edb7bbef4861b8b8007ebb118d6db284fd59f6ee"
dependencies = [
 "autocfg",
 "hashbrown",
]

[[package]]
name = "instance"
version = "0.1.0"
dependencies = [
 "cranelift-codegen",
 "cranelift-entity",
 "lexer",
 "modules",
 "parser",
 "typec",
]

[[package]]
name = "lexer"
version = "0.1.0"
dependencies = [
 "cranelift-entity",
]

[[package]]
name = "libc"
version = "0.2.121"
source = "registry+https://github.com/rust-lang/crates.io-index"
checksum = "efaa7b300f3b5fe8eb6bf21ce3895e1751d9665086af2d64b42f19701015ff4f"

[[package]]
name = "log"
version = "0.4.16"
source = "registry+https://github.com/rust-lang/crates.io-index"
checksum = "6389c490849ff5bc16be905ae24bc913a9c8892e19b2341dbc175e14c341c2b8"
dependencies = [
 "cfg-if",
]

[[package]]
name = "memchr"
version = "2.4.1"
source = "registry+https://github.com/rust-lang/crates.io-index"
checksum = "308cc39be01b73d0d18f82a0e7b2a3df85245f84af96fdddc5d202d27e47b86a"

[[package]]
name = "modules"
version = "0.1.0"
dependencies = [
 "cranelift-entity",
 "lexer",
 "parser",
]

[[package]]
name = "object"
version = "0.27.1"
source = "registry+https://github.com/rust-lang/crates.io-index"
checksum = "67ac1d3f9a1d3616fd9a60c8d74296f22406a238b6a72f5cc1e6f314df4ffbf9"
dependencies = [
 "crc32fast",
 "indexmap",
 "memchr",
]

[[package]]
name = "parser"
version = "0.1.0"
dependencies = [
 "cranelift-entity",
 "lexer",
]

[[package]]
name = "regalloc"
version = "0.0.34"
source = "registry+https://github.com/rust-lang/crates.io-index"
checksum = "62446b1d3ebf980bdc68837700af1d77b37bc430e524bf95319c6eada2a4cc02"
dependencies = [
 "log",
 "rustc-hash",
 "smallvec",
]

[[package]]
name = "rustc-hash"
version = "1.1.0"
source = "registry+https://github.com/rust-lang/crates.io-index"
checksum = "08d43f7aa6b08d49f382cde6a7982047c3426db949b1424bc4b7ec9ae12c6ce2"

[[package]]
name = "smallvec"
version = "1.8.0"
source = "registry+https://github.com/rust-lang/crates.io-index"
checksum = "f2dd574626839106c320a323308629dcb1acfc96e32a8cba364ddc61ac23ee83"

[[package]]
name = "target-lexicon"
version = "0.12.3"
source = "registry+https://github.com/rust-lang/crates.io-index"
checksum = "d7fa7e55043acb85fca6b3c01485a2eeb6b69c5d21002e273c79e465f43b7ac1"

[[package]]
name = "typec"
version = "0.1.0"
dependencies = [
 "cranelift-entity",
 "lexer",
 "modules",
 "parser",
]
